// !$*UTF8*$!
{
	archiveVersion = 1;
	classes = {
	};
	objectVersion = 46;
	objects = {

/* Begin PBXBuildFile section */
		CC3F0CF31B357FF300EBAEC0 /* main.m in Sources */ = {isa = PBXBuildFile; fileRef = CC3F0CF21B357FF300EBAEC0 /* main.m */; };
		CC3F0CF61B357FF300EBAEC0 /* AppDelegate.m in Sources */ = {isa = PBXBuildFile; fileRef = CC3F0CF51B357FF300EBAEC0 /* AppDelegate.m */; };
		CC3F0CF91B357FF300EBAEC0 /* ViewController.m in Sources */ = {isa = PBXBuildFile; fileRef = CC3F0CF81B357FF300EBAEC0 /* ViewController.m */; };
		CC3F0CFC1B357FF300EBAEC0 /* Main.storyboard in Resources */ = {isa = PBXBuildFile; fileRef = CC3F0CFA1B357FF300EBAEC0 /* Main.storyboard */; };
		CC3F0CFE1B357FF300EBAEC0 /* Images.xcassets in Resources */ = {isa = PBXBuildFile; fileRef = CC3F0CFD1B357FF300EBAEC0 /* Images.xcassets */; };
		CC3F0D011B357FF300EBAEC0 /* LaunchScreen.xib in Resources */ = {isa = PBXBuildFile; fileRef = CC3F0CFF1B357FF300EBAEC0 /* LaunchScreen.xib */; };
		CC3F0D0D1B357FF300EBAEC0 /* AlbumListTests.m in Sources */ = {isa = PBXBuildFile; fileRef = CC3F0D0C1B357FF300EBAEC0 /* AlbumListTests.m */; };
		CC3F0D1F1B35851900EBAEC0 /* AlbumManager.m in Sources */ = {isa = PBXBuildFile; fileRef = CC3F0D1E1B35851900EBAEC0 /* AlbumManager.m */; };
		CC3F0D271B35A04800EBAEC0 /* AssetCollectionModel.m in Sources */ = {isa = PBXBuildFile; fileRef = CC3F0D261B35A04800EBAEC0 /* AssetCollectionModel.m */; };
		CC3F0D341B36BFC900EBAEC0 /* AssetModel.m in Sources */ = {isa = PBXBuildFile; fileRef = CC3F0D331B36BFC900EBAEC0 /* AssetModel.m */; };
		CC3F0D4E1B37018900EBAEC0 /* AlbumListTableViewCell.m in Sources */ = {isa = PBXBuildFile; fileRef = CC3F0D401B37018900EBAEC0 /* AlbumListTableViewCell.m */; };
		CC3F0D4F1B37018900EBAEC0 /* AlbumListTableViewCell.xib in Resources */ = {isa = PBXBuildFile; fileRef = CC3F0D411B37018900EBAEC0 /* AlbumListTableViewCell.xib */; };
		CC3F0D501B37018900EBAEC0 /* AlbumListViewController.m in Sources */ = {isa = PBXBuildFile; fileRef = CC3F0D431B37018900EBAEC0 /* AlbumListViewController.m */; };
		CC3F0D511B37018900EBAEC0 /* AlbumGroupedThumbnailView.storyboard in Resources */ = {isa = PBXBuildFile; fileRef = CC3F0D451B37018900EBAEC0 /* AlbumGroupedThumbnailView.storyboard */; };
		CC3F0D521B37018900EBAEC0 /* AlbumGroupedThumbnailViewController.m in Sources */ = {isa = PBXBuildFile; fileRef = CC3F0D471B37018900EBAEC0 /* AlbumGroupedThumbnailViewController.m */; };
		CC3F0D531B37018900EBAEC0 /* AlbumThumbnailCollectionViewCell.m in Sources */ = {isa = PBXBuildFile; fileRef = CC3F0D491B37018900EBAEC0 /* AlbumThumbnailCollectionViewCell.m */; };
		CC3F0D541B37018900EBAEC0 /* AlbumThumbnailCollectionViewCell.xib in Resources */ = {isa = PBXBuildFile; fileRef = CC3F0D4A1B37018900EBAEC0 /* AlbumThumbnailCollectionViewCell.xib */; };
		CC3F0D551B37018900EBAEC0 /* AlbumThumbnailView.storyboard in Resources */ = {isa = PBXBuildFile; fileRef = CC3F0D4B1B37018900EBAEC0 /* AlbumThumbnailView.storyboard */; };
		CC3F0D561B37018900EBAEC0 /* AlbumThumbnailViewController.m in Sources */ = {isa = PBXBuildFile; fileRef = CC3F0D4D1B37018900EBAEC0 /* AlbumThumbnailViewController.m */; };
		CC3F0D581B37033200EBAEC0 /* AlbumListView.storyboard in Resources */ = {isa = PBXBuildFile; fileRef = CC3F0D571B37033200EBAEC0 /* AlbumListView.storyboard */; };
		CCCCBF101B3FFC5E000A04E0 /* AlbumPreviewViewController.m in Sources */ = {isa = PBXBuildFile; fileRef = CCCCBF0F1B3FFC5E000A04E0 /* AlbumPreviewViewController.m */; };
		CCCCBF121B3FFE8B000A04E0 /* AlbumPreviewView.storyboard in Resources */ = {isa = PBXBuildFile; fileRef = CCCCBF111B3FFE8B000A04E0 /* AlbumPreviewView.storyboard */; };
		CCCCBF1A1B48D7FA000A04E0 /* AlbumListTabBarController.m in Sources */ = {isa = PBXBuildFile; fileRef = CCCCBF191B48D7FA000A04E0 /* AlbumListTabBarController.m */; };
		CCCCBF1F1B48F9E4000A04E0 /* AlbumListMomentViewController.m in Sources */ = {isa = PBXBuildFile; fileRef = CCCCBF1E1B48F9E4000A04E0 /* AlbumListMomentViewController.m */; };
		CCCCBF211B490205000A04E0 /* AlbumListMomentView.storyboard in Resources */ = {isa = PBXBuildFile; fileRef = CCCCBF201B490205000A04E0 /* AlbumListMomentView.storyboard */; };
		CCCCBF241B490E04000A04E0 /* AssetMomentModel.m in Sources */ = {isa = PBXBuildFile; fileRef = CCCCBF231B490E04000A04E0 /* AssetMomentModel.m */; };
		CCCCBF271B492217000A04E0 /* AlbumMomentHeaderCollectionReusableView.m in Sources */ = {isa = PBXBuildFile; fileRef = CCCCBF261B492217000A04E0 /* AlbumMomentHeaderCollectionReusableView.m */; };
		CCD5CB221B52ADAA000B11AF /* AppManager.m in Sources */ = {isa = PBXBuildFile; fileRef = CCD5CB211B52ADAA000B11AF /* AppManager.m */; };
/* End PBXBuildFile section */

/* Begin PBXContainerItemProxy section */
		CC3F0D071B357FF300EBAEC0 /* PBXContainerItemProxy */ = {
			isa = PBXContainerItemProxy;
			containerPortal = CC3F0CE51B357FF300EBAEC0 /* Project object */;
			proxyType = 1;
			remoteGlobalIDString = CC3F0CEC1B357FF300EBAEC0;
			remoteInfo = AlbumList;
		};
/* End PBXContainerItemProxy section */

/* Begin PBXFileReference section */
		CC3F0CED1B357FF300EBAEC0 /* AlbumList.app */ = {isa = PBXFileReference; explicitFileType = wrapper.application; includeInIndex = 0; path = AlbumList.app; sourceTree = BUILT_PRODUCTS_DIR; };
		CC3F0CF11B357FF300EBAEC0 /* Info.plist */ = {isa = PBXFileReference; lastKnownFileType = text.plist.xml; path = Info.plist; sourceTree = "<group>"; };
		CC3F0CF21B357FF300EBAEC0 /* main.m */ = {isa = PBXFileReference; lastKnownFileType = sourcecode.c.objc; path = main.m; sourceTree = "<group>"; };
		CC3F0CF41B357FF300EBAEC0 /* AppDelegate.h */ = {isa = PBXFileReference; lastKnownFileType = sourcecode.c.h; path = AppDelegate.h; sourceTree = "<group>"; };
		CC3F0CF51B357FF300EBAEC0 /* AppDelegate.m */ = {isa = PBXFileReference; lastKnownFileType = sourcecode.c.objc; path = AppDelegate.m; sourceTree = "<group>"; };
		CC3F0CF71B357FF300EBAEC0 /* ViewController.h */ = {isa = PBXFileReference; lastKnownFileType = sourcecode.c.h; path = ViewController.h; sourceTree = "<group>"; };
		CC3F0CF81B357FF300EBAEC0 /* ViewController.m */ = {isa = PBXFileReference; lastKnownFileType = sourcecode.c.objc; path = ViewController.m; sourceTree = "<group>"; };
		CC3F0CFB1B357FF300EBAEC0 /* Base */ = {isa = PBXFileReference; lastKnownFileType = file.storyboard; name = Base; path = Base.lproj/Main.storyboard; sourceTree = "<group>"; };
		CC3F0CFD1B357FF300EBAEC0 /* Images.xcassets */ = {isa = PBXFileReference; lastKnownFileType = folder.assetcatalog; path = Images.xcassets; sourceTree = "<group>"; };
		CC3F0D001B357FF300EBAEC0 /* Base */ = {isa = PBXFileReference; lastKnownFileType = file.xib; name = Base; path = Base.lproj/LaunchScreen.xib; sourceTree = "<group>"; };
		CC3F0D061B357FF300EBAEC0 /* AlbumListTests.xctest */ = {isa = PBXFileReference; explicitFileType = wrapper.cfbundle; includeInIndex = 0; path = AlbumListTests.xctest; sourceTree = BUILT_PRODUCTS_DIR; };
		CC3F0D0B1B357FF300EBAEC0 /* Info.plist */ = {isa = PBXFileReference; lastKnownFileType = text.plist.xml; path = Info.plist; sourceTree = "<group>"; };
		CC3F0D0C1B357FF300EBAEC0 /* AlbumListTests.m */ = {isa = PBXFileReference; lastKnownFileType = sourcecode.c.objc; path = AlbumListTests.m; sourceTree = "<group>"; };
		CC3F0D1D1B35851900EBAEC0 /* AlbumManager.h */ = {isa = PBXFileReference; fileEncoding = 4; lastKnownFileType = sourcecode.c.h; name = AlbumManager.h; path = Manager/AlbumManager.h; sourceTree = "<group>"; };
		CC3F0D1E1B35851900EBAEC0 /* AlbumManager.m */ = {isa = PBXFileReference; fileEncoding = 4; lastKnownFileType = sourcecode.c.objc; name = AlbumManager.m; path = Manager/AlbumManager.m; sourceTree = "<group>"; };
		CC3F0D251B35A04800EBAEC0 /* AssetCollectionModel.h */ = {isa = PBXFileReference; fileEncoding = 4; lastKnownFileType = sourcecode.c.h; name = AssetCollectionModel.h; path = Manager/AssetCollectionModel.h; sourceTree = "<group>"; };
		CC3F0D261B35A04800EBAEC0 /* AssetCollectionModel.m */ = {isa = PBXFileReference; fileEncoding = 4; lastKnownFileType = sourcecode.c.objc; name = AssetCollectionModel.m; path = Manager/AssetCollectionModel.m; sourceTree = "<group>"; };
		CC3F0D321B36BFC900EBAEC0 /* AssetModel.h */ = {isa = PBXFileReference; fileEncoding = 4; lastKnownFileType = sourcecode.c.h; name = AssetModel.h; path = Manager/AssetModel.h; sourceTree = "<group>"; };
		CC3F0D331B36BFC900EBAEC0 /* AssetModel.m */ = {isa = PBXFileReference; fileEncoding = 4; lastKnownFileType = sourcecode.c.objc; name = AssetModel.m; path = Manager/AssetModel.m; sourceTree = "<group>"; };
		CC3F0D3F1B37018900EBAEC0 /* AlbumListTableViewCell.h */ = {isa = PBXFileReference; fileEncoding = 4; lastKnownFileType = sourcecode.c.h; path = AlbumListTableViewCell.h; sourceTree = "<group>"; };
		CC3F0D401B37018900EBAEC0 /* AlbumListTableViewCell.m */ = {isa = PBXFileReference; fileEncoding = 4; lastKnownFileType = sourcecode.c.objc; path = AlbumListTableViewCell.m; sourceTree = "<group>"; };
		CC3F0D411B37018900EBAEC0 /* AlbumListTableViewCell.xib */ = {isa = PBXFileReference; fileEncoding = 4; lastKnownFileType = file.xib; path = AlbumListTableViewCell.xib; sourceTree = "<group>"; };
		CC3F0D421B37018900EBAEC0 /* AlbumListViewController.h */ = {isa = PBXFileReference; fileEncoding = 4; lastKnownFileType = sourcecode.c.h; path = AlbumListViewController.h; sourceTree = "<group>"; };
		CC3F0D431B37018900EBAEC0 /* AlbumListViewController.m */ = {isa = PBXFileReference; fileEncoding = 4; lastKnownFileType = sourcecode.c.objc; path = AlbumListViewController.m; sourceTree = "<group>"; };
		CC3F0D451B37018900EBAEC0 /* AlbumGroupedThumbnailView.storyboard */ = {isa = PBXFileReference; fileEncoding = 4; lastKnownFileType = file.storyboard; path = AlbumGroupedThumbnailView.storyboard; sourceTree = "<group>"; };
		CC3F0D461B37018900EBAEC0 /* AlbumGroupedThumbnailViewController.h */ = {isa = PBXFileReference; fileEncoding = 4; lastKnownFileType = sourcecode.c.h; path = AlbumGroupedThumbnailViewController.h; sourceTree = "<group>"; };
		CC3F0D471B37018900EBAEC0 /* AlbumGroupedThumbnailViewController.m */ = {isa = PBXFileReference; fileEncoding = 4; lastKnownFileType = sourcecode.c.objc; path = AlbumGroupedThumbnailViewController.m; sourceTree = "<group>"; };
		CC3F0D481B37018900EBAEC0 /* AlbumThumbnailCollectionViewCell.h */ = {isa = PBXFileReference; fileEncoding = 4; lastKnownFileType = sourcecode.c.h; path = AlbumThumbnailCollectionViewCell.h; sourceTree = "<group>"; };
		CC3F0D491B37018900EBAEC0 /* AlbumThumbnailCollectionViewCell.m */ = {isa = PBXFileReference; fileEncoding = 4; lastKnownFileType = sourcecode.c.objc; path = AlbumThumbnailCollectionViewCell.m; sourceTree = "<group>"; };
		CC3F0D4A1B37018900EBAEC0 /* AlbumThumbnailCollectionViewCell.xib */ = {isa = PBXFileReference; fileEncoding = 4; lastKnownFileType = file.xib; path = AlbumThumbnailCollectionViewCell.xib; sourceTree = "<group>"; };
		CC3F0D4B1B37018900EBAEC0 /* AlbumThumbnailView.storyboard */ = {isa = PBXFileReference; fileEncoding = 4; lastKnownFileType = file.storyboard; path = AlbumThumbnailView.storyboard; sourceTree = "<group>"; };
		CC3F0D4C1B37018900EBAEC0 /* AlbumThumbnailViewController.h */ = {isa = PBXFileReference; fileEncoding = 4; lastKnownFileType = sourcecode.c.h; path = AlbumThumbnailViewController.h; sourceTree = "<group>"; };
		CC3F0D4D1B37018900EBAEC0 /* AlbumThumbnailViewController.m */ = {isa = PBXFileReference; fileEncoding = 4; lastKnownFileType = sourcecode.c.objc; path = AlbumThumbnailViewController.m; sourceTree = "<group>"; };
		CC3F0D571B37033200EBAEC0 /* AlbumListView.storyboard */ = {isa = PBXFileReference; fileEncoding = 4; lastKnownFileType = file.storyboard; path = AlbumListView.storyboard; sourceTree = "<group>"; };
		CCCCBF0E1B3FFC5E000A04E0 /* AlbumPreviewViewController.h */ = {isa = PBXFileReference; fileEncoding = 4; lastKnownFileType = sourcecode.c.h; name = AlbumPreviewViewController.h; path = Preview/AlbumPreviewViewController.h; sourceTree = "<group>"; };
		CCCCBF0F1B3FFC5E000A04E0 /* AlbumPreviewViewController.m */ = {isa = PBXFileReference; fileEncoding = 4; lastKnownFileType = sourcecode.c.objc; name = AlbumPreviewViewController.m; path = Preview/AlbumPreviewViewController.m; sourceTree = "<group>"; };
		CCCCBF111B3FFE8B000A04E0 /* AlbumPreviewView.storyboard */ = {isa = PBXFileReference; fileEncoding = 4; lastKnownFileType = file.storyboard; name = AlbumPreviewView.storyboard; path = Preview/AlbumPreviewView.storyboard; sourceTree = "<group>"; };
		CCCCBF181B48D7FA000A04E0 /* AlbumListTabBarController.h */ = {isa = PBXFileReference; fileEncoding = 4; lastKnownFileType = sourcecode.c.h; path = AlbumListTabBarController.h; sourceTree = "<group>"; };
		CCCCBF191B48D7FA000A04E0 /* AlbumListTabBarController.m */ = {isa = PBXFileReference; fileEncoding = 4; lastKnownFileType = sourcecode.c.objc; path = AlbumListTabBarController.m; sourceTree = "<group>"; };
		CCCCBF1D1B48F9E4000A04E0 /* AlbumListMomentViewController.h */ = {isa = PBXFileReference; fileEncoding = 4; lastKnownFileType = sourcecode.c.h; path = AlbumListMomentViewController.h; sourceTree = "<group>"; };
		CCCCBF1E1B48F9E4000A04E0 /* AlbumListMomentViewController.m */ = {isa = PBXFileReference; fileEncoding = 4; lastKnownFileType = sourcecode.c.objc; path = AlbumListMomentViewController.m; sourceTree = "<group>"; };
		CCCCBF201B490205000A04E0 /* AlbumListMomentView.storyboard */ = {isa = PBXFileReference; fileEncoding = 4; lastKnownFileType = file.storyboard; path = AlbumListMomentView.storyboard; sourceTree = "<group>"; };
		CCCCBF221B490E04000A04E0 /* AssetMomentModel.h */ = {isa = PBXFileReference; fileEncoding = 4; lastKnownFileType = sourcecode.c.h; name = AssetMomentModel.h; path = Manager/AssetMomentModel.h; sourceTree = "<group>"; };
		CCCCBF231B490E04000A04E0 /* AssetMomentModel.m */ = {isa = PBXFileReference; fileEncoding = 4; lastKnownFileType = sourcecode.c.objc; name = AssetMomentModel.m; path = Manager/AssetMomentModel.m; sourceTree = "<group>"; };
		CCCCBF251B492217000A04E0 /* AlbumMomentHeaderCollectionReusableView.h */ = {isa = PBXFileReference; fileEncoding = 4; lastKnownFileType = sourcecode.c.h; path = AlbumMomentHeaderCollectionReusableView.h; sourceTree = "<group>"; };
		CCCCBF261B492217000A04E0 /* AlbumMomentHeaderCollectionReusableView.m */ = {isa = PBXFileReference; fileEncoding = 4; lastKnownFileType = sourcecode.c.objc; path = AlbumMomentHeaderCollectionReusableView.m; sourceTree = "<group>"; };
		CCD5CB201B52ADAA000B11AF /* AppManager.h */ = {isa = PBXFileReference; fileEncoding = 4; lastKnownFileType = sourcecode.c.h; path = AppManager.h; sourceTree = "<group>"; };
		CCD5CB211B52ADAA000B11AF /* AppManager.m */ = {isa = PBXFileReference; fileEncoding = 4; lastKnownFileType = sourcecode.c.objc; path = AppManager.m; sourceTree = "<group>"; };
/* End PBXFileReference section */

/* Begin PBXFrameworksBuildPhase section */
		CC3F0CEA1B357FF300EBAEC0 /* Frameworks */ = {
			isa = PBXFrameworksBuildPhase;
			buildActionMask = 2147483647;
			files = (
			);
			runOnlyForDeploymentPostprocessing = 0;
		};
		CC3F0D031B357FF300EBAEC0 /* Frameworks */ = {
			isa = PBXFrameworksBuildPhase;
			buildActionMask = 2147483647;
			files = (
			);
			runOnlyForDeploymentPostprocessing = 0;
		};
/* End PBXFrameworksBuildPhase section */

/* Begin PBXGroup section */
		CC3F0CE41B357FF300EBAEC0 = {
			isa = PBXGroup;
			children = (
				CC3F0CEF1B357FF300EBAEC0 /* AlbumList */,
				CC3F0D091B357FF300EBAEC0 /* AlbumListTests */,
				CC3F0CEE1B357FF300EBAEC0 /* Products */,
			);
			sourceTree = "<group>";
		};
		CC3F0CEE1B357FF300EBAEC0 /* Products */ = {
			isa = PBXGroup;
			children = (
				CC3F0CED1B357FF300EBAEC0 /* AlbumList.app */,
				CC3F0D061B357FF300EBAEC0 /* AlbumListTests.xctest */,
			);
			name = Products;
			sourceTree = "<group>";
		};
		CC3F0CEF1B357FF300EBAEC0 /* AlbumList */ = {
			isa = PBXGroup;
			children = (
				CC3F0D1C1B3584EE00EBAEC0 /* Manager */,
				CC3F0D3E1B37018900EBAEC0 /* Album */,
				CC3F0CF41B357FF300EBAEC0 /* AppDelegate.h */,
				CC3F0CF51B357FF300EBAEC0 /* AppDelegate.m */,
				CC3F0CF71B357FF300EBAEC0 /* ViewController.h */,
				CC3F0CF81B357FF300EBAEC0 /* ViewController.m */,
				CC3F0CFA1B357FF300EBAEC0 /* Main.storyboard */,
				CC3F0CFD1B357FF300EBAEC0 /* Images.xcassets */,
				CC3F0CFF1B357FF300EBAEC0 /* LaunchScreen.xib */,
				CC3F0CF01B357FF300EBAEC0 /* Supporting Files */,
				CCD5CB201B52ADAA000B11AF /* AppManager.h */,
				CCD5CB211B52ADAA000B11AF /* AppManager.m */,
			);
			path = AlbumList;
			sourceTree = "<group>";
		};
		CC3F0CF01B357FF300EBAEC0 /* Supporting Files */ = {
			isa = PBXGroup;
			children = (
				CC3F0CF11B357FF300EBAEC0 /* Info.plist */,
				CC3F0CF21B357FF300EBAEC0 /* main.m */,
			);
			name = "Supporting Files";
			sourceTree = "<group>";
		};
		CC3F0D091B357FF300EBAEC0 /* AlbumListTests */ = {
			isa = PBXGroup;
			children = (
				CC3F0D0C1B357FF300EBAEC0 /* AlbumListTests.m */,
				CC3F0D0A1B357FF300EBAEC0 /* Supporting Files */,
			);
			path = AlbumListTests;
			sourceTree = "<group>";
		};
		CC3F0D0A1B357FF300EBAEC0 /* Supporting Files */ = {
			isa = PBXGroup;
			children = (
				CC3F0D0B1B357FF300EBAEC0 /* Info.plist */,
			);
			name = "Supporting Files";
			sourceTree = "<group>";
		};
		CC3F0D1C1B3584EE00EBAEC0 /* Manager */ = {
			isa = PBXGroup;
			children = (
				CC3F0D1D1B35851900EBAEC0 /* AlbumManager.h */,
				CC3F0D1E1B35851900EBAEC0 /* AlbumManager.m */,
				CC3F0D251B35A04800EBAEC0 /* AssetCollectionModel.h */,
				CC3F0D261B35A04800EBAEC0 /* AssetCollectionModel.m */,
				CC3F0D321B36BFC900EBAEC0 /* AssetModel.h */,
				CC3F0D331B36BFC900EBAEC0 /* AssetModel.m */,
				CCCCBF221B490E04000A04E0 /* AssetMomentModel.h */,
				CCCCBF231B490E04000A04E0 /* AssetMomentModel.m */,
			);
			name = Manager;
			sourceTree = "<group>";
		};
		CC3F0D3E1B37018900EBAEC0 /* Album */ = {
			isa = PBXGroup;
			children = (
				CCCCBF0D1B3FFC28000A04E0 /* Preview */,
				CC3F0D441B37018900EBAEC0 /* Thumbnail */,
				CC3F0D411B37018900EBAEC0 /* AlbumListTableViewCell.xib */,
				CC3F0D3F1B37018900EBAEC0 /* AlbumListTableViewCell.h */,
				CC3F0D401B37018900EBAEC0 /* AlbumListTableViewCell.m */,
				CC3F0D571B37033200EBAEC0 /* AlbumListView.storyboard */,
				CC3F0D421B37018900EBAEC0 /* AlbumListViewController.h */,
				CC3F0D431B37018900EBAEC0 /* AlbumListViewController.m */,
				CCCCBF251B492217000A04E0 /* AlbumMomentHeaderCollectionReusableView.h */,
				CCCCBF261B492217000A04E0 /* AlbumMomentHeaderCollectionReusableView.m */,
				CCCCBF1D1B48F9E4000A04E0 /* AlbumListMomentViewController.h */,
				CCCCBF1E1B48F9E4000A04E0 /* AlbumListMomentViewController.m */,
				CCCCBF201B490205000A04E0 /* AlbumListMomentView.storyboard */,
				CCCCBF181B48D7FA000A04E0 /* AlbumListTabBarController.h */,
				CCCCBF191B48D7FA000A04E0 /* AlbumListTabBarController.m */,
			);
			path = Album;
			sourceTree = "<group>";
		};
		CC3F0D441B37018900EBAEC0 /* Thumbnail */ = {
			isa = PBXGroup;
			children = (
				CC3F0D451B37018900EBAEC0 /* AlbumGroupedThumbnailView.storyboard */,
				CC3F0D461B37018900EBAEC0 /* AlbumGroupedThumbnailViewController.h */,
				CC3F0D471B37018900EBAEC0 /* AlbumGroupedThumbnailViewController.m */,
				CC3F0D4A1B37018900EBAEC0 /* AlbumThumbnailCollectionViewCell.xib */,
				CC3F0D481B37018900EBAEC0 /* AlbumThumbnailCollectionViewCell.h */,
				CC3F0D491B37018900EBAEC0 /* AlbumThumbnailCollectionViewCell.m */,
				CC3F0D4B1B37018900EBAEC0 /* AlbumThumbnailView.storyboard */,
				CC3F0D4C1B37018900EBAEC0 /* AlbumThumbnailViewController.h */,
				CC3F0D4D1B37018900EBAEC0 /* AlbumThumbnailViewController.m */,
			);
			path = Thumbnail;
			sourceTree = "<group>";
		};
		CCCCBF0D1B3FFC28000A04E0 /* Preview */ = {
			isa = PBXGroup;
			children = (
				CCCCBF0E1B3FFC5E000A04E0 /* AlbumPreviewViewController.h */,
				CCCCBF0F1B3FFC5E000A04E0 /* AlbumPreviewViewController.m */,
				CCCCBF111B3FFE8B000A04E0 /* AlbumPreviewView.storyboard */,
			);
			name = Preview;
			sourceTree = "<group>";
		};
/* End PBXGroup section */

/* Begin PBXNativeTarget section */
		CC3F0CEC1B357FF300EBAEC0 /* AlbumList */ = {
			isa = PBXNativeTarget;
			buildConfigurationList = CC3F0D101B357FF300EBAEC0 /* Build configuration list for PBXNativeTarget "AlbumList" */;
			buildPhases = (
				CC3F0CE91B357FF300EBAEC0 /* Sources */,
				CC3F0CEA1B357FF300EBAEC0 /* Frameworks */,
				CC3F0CEB1B357FF300EBAEC0 /* Resources */,
			);
			buildRules = (
			);
			dependencies = (
			);
			name = AlbumList;
			productName = AlbumList;
			productReference = CC3F0CED1B357FF300EBAEC0 /* AlbumList.app */;
			productType = "com.apple.product-type.application";
		};
		CC3F0D051B357FF300EBAEC0 /* AlbumListTests */ = {
			isa = PBXNativeTarget;
			buildConfigurationList = CC3F0D131B357FF300EBAEC0 /* Build configuration list for PBXNativeTarget "AlbumListTests" */;
			buildPhases = (
				CC3F0D021B357FF300EBAEC0 /* Sources */,
				CC3F0D031B357FF300EBAEC0 /* Frameworks */,
				CC3F0D041B357FF300EBAEC0 /* Resources */,
			);
			buildRules = (
			);
			dependencies = (
				CC3F0D081B357FF300EBAEC0 /* PBXTargetDependency */,
			);
			name = AlbumListTests;
			productName = AlbumListTests;
			productReference = CC3F0D061B357FF300EBAEC0 /* AlbumListTests.xctest */;
			productType = "com.apple.product-type.bundle.unit-test";
		};
/* End PBXNativeTarget section */

/* Begin PBXProject section */
		CC3F0CE51B357FF300EBAEC0 /* Project object */ = {
			isa = PBXProject;
			attributes = {
				LastUpgradeCheck = 0630;
				ORGANIZATIONNAME = "北山 慎悟";
				TargetAttributes = {
					CC3F0CEC1B357FF300EBAEC0 = {
						CreatedOnToolsVersion = 6.3.2;
						DevelopmentTeam = JJ6F7M4B7B;
					};
					CC3F0D051B357FF300EBAEC0 = {
						CreatedOnToolsVersion = 6.3.2;
						TestTargetID = CC3F0CEC1B357FF300EBAEC0;
					};
				};
			};
			buildConfigurationList = CC3F0CE81B357FF300EBAEC0 /* Build configuration list for PBXProject "AlbumList" */;
			compatibilityVersion = "Xcode 3.2";
			developmentRegion = English;
			hasScannedForEncodings = 0;
			knownRegions = (
				en,
				Base,
			);
			mainGroup = CC3F0CE41B357FF300EBAEC0;
			productRefGroup = CC3F0CEE1B357FF300EBAEC0 /* Products */;
			projectDirPath = "";
			projectRoot = "";
			targets = (
				CC3F0CEC1B357FF300EBAEC0 /* AlbumList */,
				CC3F0D051B357FF300EBAEC0 /* AlbumListTests */,
			);
		};
/* End PBXProject section */

/* Begin PBXResourcesBuildPhase section */
		CC3F0CEB1B357FF300EBAEC0 /* Resources */ = {
			isa = PBXResourcesBuildPhase;
			buildActionMask = 2147483647;
			files = (
				CC3F0D551B37018900EBAEC0 /* AlbumThumbnailView.storyboard in Resources */,
				CC3F0CFC1B357FF300EBAEC0 /* Main.storyboard in Resources */,
				CC3F0D011B357FF300EBAEC0 /* LaunchScreen.xib in Resources */,
				CC3F0D511B37018900EBAEC0 /* AlbumGroupedThumbnailView.storyboard in Resources */,
				CCCCBF121B3FFE8B000A04E0 /* AlbumPreviewView.storyboard in Resources */,
				CC3F0D541B37018900EBAEC0 /* AlbumThumbnailCollectionViewCell.xib in Resources */,
				CC3F0CFE1B357FF300EBAEC0 /* Images.xcassets in Resources */,
				CC3F0D4F1B37018900EBAEC0 /* AlbumListTableViewCell.xib in Resources */,
				CC3F0D581B37033200EBAEC0 /* AlbumListView.storyboard in Resources */,
				CCCCBF211B490205000A04E0 /* AlbumListMomentView.storyboard in Resources */,
			);
			runOnlyForDeploymentPostprocessing = 0;
		};
		CC3F0D041B357FF300EBAEC0 /* Resources */ = {
			isa = PBXResourcesBuildPhase;
			buildActionMask = 2147483647;
			files = (
			);
			runOnlyForDeploymentPostprocessing = 0;
		};
/* End PBXResourcesBuildPhase section */

/* Begin PBXSourcesBuildPhase section */
		CC3F0CE91B357FF300EBAEC0 /* Sources */ = {
			isa = PBXSourcesBuildPhase;
			buildActionMask = 2147483647;
			files = (
				CCCCBF241B490E04000A04E0 /* AssetMomentModel.m in Sources */,
				CCCCBF1F1B48F9E4000A04E0 /* AlbumListMomentViewController.m in Sources */,
				CC3F0D501B37018900EBAEC0 /* AlbumListViewController.m in Sources */,
				CCCCBF101B3FFC5E000A04E0 /* AlbumPreviewViewController.m in Sources */,
				CC3F0D531B37018900EBAEC0 /* AlbumThumbnailCollectionViewCell.m in Sources */,
				CC3F0CF91B357FF300EBAEC0 /* ViewController.m in Sources */,
				CC3F0CF61B357FF300EBAEC0 /* AppDelegate.m in Sources */,
				CC3F0D521B37018900EBAEC0 /* AlbumGroupedThumbnailViewController.m in Sources */,
				CCCCBF271B492217000A04E0 /* AlbumMomentHeaderCollectionReusableView.m in Sources */,
				CC3F0D4E1B37018900EBAEC0 /* AlbumListTableViewCell.m in Sources */,
				CC3F0D561B37018900EBAEC0 /* AlbumThumbnailViewController.m in Sources */,
				CC3F0CF31B357FF300EBAEC0 /* main.m in Sources */,
				CC3F0D341B36BFC900EBAEC0 /* AssetModel.m in Sources */,
				CCCCBF1A1B48D7FA000A04E0 /* AlbumListTabBarController.m in Sources */,
				CC3F0D271B35A04800EBAEC0 /* AssetCollectionModel.m in Sources */,
				CCD5CB221B52ADAA000B11AF /* AppManager.m in Sources */,
				CC3F0D1F1B35851900EBAEC0 /* AlbumManager.m in Sources */,
			);
			runOnlyForDeploymentPostprocessing = 0;
		};
		CC3F0D021B357FF300EBAEC0 /* Sources */ = {
			isa = PBXSourcesBuildPhase;
			buildActionMask = 2147483647;
			files = (
				CC3F0D0D1B357FF300EBAEC0 /* AlbumListTests.m in Sources */,
			);
			runOnlyForDeploymentPostprocessing = 0;
		};
/* End PBXSourcesBuildPhase section */

/* Begin PBXTargetDependency section */
		CC3F0D081B357FF300EBAEC0 /* PBXTargetDependency */ = {
			isa = PBXTargetDependency;
			target = CC3F0CEC1B357FF300EBAEC0 /* AlbumList */;
			targetProxy = CC3F0D071B357FF300EBAEC0 /* PBXContainerItemProxy */;
		};
/* End PBXTargetDependency section */

/* Begin PBXVariantGroup section */
		CC3F0CFA1B357FF300EBAEC0 /* Main.storyboard */ = {
			isa = PBXVariantGroup;
			children = (
				CC3F0CFB1B357FF300EBAEC0 /* Base */,
			);
			name = Main.storyboard;
			sourceTree = "<group>";
		};
		CC3F0CFF1B357FF300EBAEC0 /* LaunchScreen.xib */ = {
			isa = PBXVariantGroup;
			children = (
				CC3F0D001B357FF300EBAEC0 /* Base */,
			);
			name = LaunchScreen.xib;
			sourceTree = "<group>";
		};
/* End PBXVariantGroup section */

/* Begin XCBuildConfiguration section */
		CC3F0D0E1B357FF300EBAEC0 /* Debug */ = {
			isa = XCBuildConfiguration;
			buildSettings = {
				ALWAYS_SEARCH_USER_PATHS = NO;
				CLANG_CXX_LANGUAGE_STANDARD = "gnu++0x";
				CLANG_CXX_LIBRARY = "libc++";
				CLANG_ENABLE_MODULES = YES;
				CLANG_ENABLE_OBJC_ARC = YES;
				CLANG_WARN_BOOL_CONVERSION = YES;
				CLANG_WARN_CONSTANT_CONVERSION = YES;
				CLANG_WARN_DIRECT_OBJC_ISA_USAGE = YES_ERROR;
				CLANG_WARN_EMPTY_BODY = YES;
				CLANG_WARN_ENUM_CONVERSION = YES;
				CLANG_WARN_INT_CONVERSION = YES;
				CLANG_WARN_OBJC_ROOT_CLASS = YES_ERROR;
				CLANG_WARN_UNREACHABLE_CODE = YES;
				CLANG_WARN__DUPLICATE_METHOD_MATCH = YES;
				"CODE_SIGN_IDENTITY[sdk=iphoneos*]" = "iPhone Developer";
				COPY_PHASE_STRIP = NO;
				DEBUG_INFORMATION_FORMAT = "dwarf-with-dsym";
				ENABLE_STRICT_OBJC_MSGSEND = YES;
				GCC_C_LANGUAGE_STANDARD = gnu99;
				GCC_DYNAMIC_NO_PIC = NO;
				GCC_NO_COMMON_BLOCKS = YES;
				GCC_OPTIMIZATION_LEVEL = 0;
				GCC_PREPROCESSOR_DEFINITIONS = (
					"DEBUG=1",
					"$(inherited)",
				);
				GCC_SYMBOLS_PRIVATE_EXTERN = NO;
				GCC_WARN_64_TO_32_BIT_CONVERSION = YES;
				GCC_WARN_ABOUT_RETURN_TYPE = YES_ERROR;
				GCC_WARN_UNDECLARED_SELECTOR = YES;
				GCC_WARN_UNINITIALIZED_AUTOS = YES_AGGRESSIVE;
				GCC_WARN_UNUSED_FUNCTION = YES;
				GCC_WARN_UNUSED_VARIABLE = YES;
				IPHONEOS_DEPLOYMENT_TARGET = 8.3;
				MTL_ENABLE_DEBUG_INFO = YES;
				ONLY_ACTIVE_ARCH = YES;
				SDKROOT = iphoneos;
			};
			name = Debug;
		};
		CC3F0D0F1B357FF300EBAEC0 /* Release */ = {
			isa = XCBuildConfiguration;
			buildSettings = {
				ALWAYS_SEARCH_USER_PATHS = NO;
				CLANG_CXX_LANGUAGE_STANDARD = "gnu++0x";
				CLANG_CXX_LIBRARY = "libc++";
				CLANG_ENABLE_MODULES = YES;
				CLANG_ENABLE_OBJC_ARC = YES;
				CLANG_WARN_BOOL_CONVERSION = YES;
				CLANG_WARN_CONSTANT_CONVERSION = YES;
				CLANG_WARN_DIRECT_OBJC_ISA_USAGE = YES_ERROR;
				CLANG_WARN_EMPTY_BODY = YES;
				CLANG_WARN_ENUM_CONVERSION = YES;
				CLANG_WARN_INT_CONVERSION = YES;
				CLANG_WARN_OBJC_ROOT_CLASS = YES_ERROR;
				CLANG_WARN_UNREACHABLE_CODE = YES;
				CLANG_WARN__DUPLICATE_METHOD_MATCH = YES;
				"CODE_SIGN_IDENTITY[sdk=iphoneos*]" = "iPhone Developer";
				COPY_PHASE_STRIP = NO;
				DEBUG_INFORMATION_FORMAT = "dwarf-with-dsym";
				ENABLE_NS_ASSERTIONS = NO;
				ENABLE_STRICT_OBJC_MSGSEND = YES;
				GCC_C_LANGUAGE_STANDARD = gnu99;
				GCC_NO_COMMON_BLOCKS = YES;
				GCC_WARN_64_TO_32_BIT_CONVERSION = YES;
				GCC_WARN_ABOUT_RETURN_TYPE = YES_ERROR;
				GCC_WARN_UNDECLARED_SELECTOR = YES;
				GCC_WARN_UNINITIALIZED_AUTOS = YES_AGGRESSIVE;
				GCC_WARN_UNUSED_FUNCTION = YES;
				GCC_WARN_UNUSED_VARIABLE = YES;
				IPHONEOS_DEPLOYMENT_TARGET = 8.3;
				MTL_ENABLE_DEBUG_INFO = NO;
				SDKROOT = iphoneos;
				VALIDATE_PRODUCT = YES;
			};
			name = Release;
		};
		CC3F0D111B357FF300EBAEC0 /* Debug */ = {
			isa = XCBuildConfiguration;
			buildSettings = {
				ASSETCATALOG_COMPILER_APPICON_NAME = AppIcon;
				CODE_SIGN_IDENTITY = "iPhone Developer";
				INFOPLIST_FILE = AlbumList/Info.plist;
				LD_RUNPATH_SEARCH_PATHS = "$(inherited) @executable_path/Frameworks";
				PRODUCT_NAME = "$(TARGET_NAME)";
			};
			name = Debug;
		};
		CC3F0D121B357FF300EBAEC0 /* Release */ = {
			isa = XCBuildConfiguration;
			buildSettings = {
				ASSETCATALOG_COMPILER_APPICON_NAME = AppIcon;
				CODE_SIGN_IDENTITY = "iPhone Developer";
				INFOPLIST_FILE = AlbumList/Info.plist;
				LD_RUNPATH_SEARCH_PATHS = "$(inherited) @executable_path/Frameworks";
				PRODUCT_NAME = "$(TARGET_NAME)";
			};
			name = Release;
		};
		CC3F0D141B357FF300EBAEC0 /* Debug */ = {
			isa = XCBuildConfiguration;
			buildSettings = {
				BUNDLE_LOADER = "$(TEST_HOST)";
				FRAMEWORK_SEARCH_PATHS = (
					"$(SDKROOT)/Developer/Library/Frameworks",
					"$(inherited)",
				);
				GCC_PREPROCESSOR_DEFINITIONS = (
					"DEBUG=1",
					"$(inherited)",
				);
				INFOPLIST_FILE = AlbumListTests/Info.plist;
				LD_RUNPATH_SEARCH_PATHS = "$(inherited) @executable_path/Frameworks @loader_path/Frameworks";
				PRODUCT_NAME = "$(TARGET_NAME)";
				TEST_HOST = "$(BUILT_PRODUCTS_DIR)/AlbumList.app/AlbumList";
			};
			name = Debug;
		};
		CC3F0D151B357FF300EBAEC0 /* Release */ = {
			isa = XCBuildConfiguration;
			buildSettings = {
				BUNDLE_LOADER = "$(TEST_HOST)";
				FRAMEWORK_SEARCH_PATHS = (
					"$(SDKROOT)/Developer/Library/Frameworks",
					"$(inherited)",
				);
				INFOPLIST_FILE = AlbumListTests/Info.plist;
				LD_RUNPATH_SEARCH_PATHS = "$(inherited) @executable_path/Frameworks @loader_path/Frameworks";
				PRODUCT_NAME = "$(TARGET_NAME)";
				TEST_HOST = "$(BUILT_PRODUCTS_DIR)/AlbumList.app/AlbumList";
			};
			name = Release;
		};
/* End XCBuildConfiguration section */

/* Begin XCConfigurationList section */
		CC3F0CE81B357FF300EBAEC0 /* Build configuration list for PBXProject "AlbumList" */ = {
			isa = XCConfigurationList;
			buildConfigurations = (
				CC3F0D0E1B357FF300EBAEC0 /* Debug */,
				CC3F0D0F1B357FF300EBAEC0 /* Release */,
			);
			defaultConfigurationIsVisible = 0;
			defaultConfigurationName = Release;
		};
		CC3F0D101B357FF300EBAEC0 /* Build configuration list for PBXNativeTarget "AlbumList" */ = {
			isa = XCConfigurationList;
			buildConfigurations = (
				CC3F0D111B357FF300EBAEC0 /* Debug */,
				CC3F0D121B357FF300EBAEC0 /* Release */,
			);
			defaultConfigurationIsVisible = 0;
			defaultConfigurationName = Release;
		};
		CC3F0D131B357FF300EBAEC0 /* Build configuration list for PBXNativeTarget "AlbumListTests" */ = {
			isa = XCConfigurationList;
			buildConfigurations = (
				CC3F0D141B357FF300EBAEC0 /* Debug */,
				CC3F0D151B357FF300EBAEC0 /* Release */,
			);
			defaultConfigurationIsVisible = 0;
			defaultConfigurationName = Release;
		};
/* End XCConfigurationList section */
	};
	rootObject = CC3F0CE51B357FF300EBAEC0 /* Project object */;
}
